
Microsoft Visual Studio Solution File, Format Version 12.00
# Visual Studio Version 16
VisualStudioVersion = 16.0.29613.14
MinimumVisualStudioVersion = 10.0.40219.1
Project("{FAE04EC0-301F-11D3-BF4B-00C04F79EFBC}") = "Angular_Session_2", "Angular_Session_2\Angular_Session_2.csproj", "{4F8098DF-F64D-4CF5-9F33-6BF0E9ED36FD}"
EndProject
Project("{FAE04EC0-301F-11D3-BF4B-00C04F79EFBC}") = "TestPostAngular", "TestPostAngular\TestPostAngular.csproj", "{2E832EF3-F090-4C30-8206-6762481089A9}"
EndProject
Project("{FAE04EC0-301F-11D3-BF4B-00C04F79EFBC}") = "3_Testing_Filters", "3_Testing_Filters\3_Testing_Filters.csproj", "{B4559F34-703B-4567-BA80-32BACAF025DE}"
EndProject
Global
	GlobalSection(SolutionConfigurationPlatforms) = preSolution
		Debug|Any CPU = Debug|Any CPU
		Release|Any CPU = Release|Any CPU
	EndGlobalSection
	GlobalSection(ProjectConfigurationPlatforms) = postSolution
		{4F8098DF-F64D-4CF5-9F33-6BF0E9ED36FD}.Debug|Any CPU.ActiveCfg = Debug|Any CPU
		{4F8098DF-F64D-4CF5-9F33-6BF0E9ED36FD}.Debug|Any CPU.Build.0 = Debug|Any CPU
		{4F8098DF-F64D-4CF5-9F33-6BF0E9ED36FD}.Release|Any CPU.ActiveCfg = Release|Any CPU
		{4F8098DF-F64D-4CF5-9F33-6BF0E9ED36FD}.Release|Any CPU.Build.0 = Release|Any CPU
		{2E832EF3-F090-4C30-8206-6762481089A9}.Debug|Any CPU.ActiveCfg = Debug|Any CPU
		{2E832EF3-F090-4C30-8206-6762481089A9}.Debug|Any CPU.Build.0 = Debug|Any CPU
		{2E832EF3-F090-4C30-8206-6762481089A9}.Release|Any CPU.ActiveCfg = Release|Any CPU
		{2E832EF3-F090-4C30-8206-6762481089A9}.Release|Any CPU.Build.0 = Release|Any CPU
		{B4559F34-703B-4567-BA80-32BACAF025DE}.Debug|Any CPU.ActiveCfg = Debug|Any CPU
		{B4559F34-703B-4567-BA80-32BACAF025DE}.Debug|Any CPU.Build.0 = Debug|Any CPU
		{B4559F34-703B-4567-BA80-32BACAF025DE}.Release|Any CPU.ActiveCfg = Release|Any CPU
		{B4559F34-703B-4567-BA80-32BACAF025DE}.Release|Any CPU.Build.0 = Release|Any CPU
	EndGlobalSection
	GlobalSection(SolutionProperties) = preSolution
		HideSolutionNode = FALSE
	EndGlobalSection
	GlobalSection(ExtensibilityGlobals) = postSolution
		SolutionGuid = {BE2807F2-3A41-4067-AF1D-958631EE98AE}
	EndGlobalSection
EndGlobal
